
Microsoft Visual Studio Solution File, Format Version 12.00
# Visual Studio Version 16
VisualStudioVersion = 16.0.31727.386
MinimumVisualStudioVersion = 10.0.40219.1
Project("{9A19103F-16F7-4668-BE54-9A1E7A4F7556}") = "DataAccess", "DataAccess\DataAccess.csproj", "{30E3F4CC-8966-47A8-BBC5-25C2CAC8047D}"
EndProject
Project("{9A19103F-16F7-4668-BE54-9A1E7A4F7556}") = "TestDataAccess", "TestDataAccess\TestDataAccess.csproj", "{1234D6C6-DA87-43DF-BB86-2265D9DB47C6}"
EndProject
Project("{2150E333-8FDC-42A3-9474-1A3956D46DE8}") = "WebService", "WebService", "{343B39D7-5166-4FA7-A368-D6754F0DA7DE}"
EndProject
Project("{2150E333-8FDC-42A3-9474-1A3956D46DE8}") = "TestWhat2Watch", "TestWhat2Watch", "{7AEFA9C8-690E-4412-BBDF-D003C1BA4233}"
EndProject
Project("{2150E333-8FDC-42A3-9474-1A3956D46DE8}") = "WebClient", "WebClient", "{5BCD2F20-843C-4672-A988-2477FCC24570}"
EndProject
Project("{2150E333-8FDC-42A3-9474-1A3956D46DE8}") = "DesktopClient", "DesktopClient", "{3706DF16-2761-4497-88EE-0F027D8DF59C}"
EndProject
Project("{9A19103F-16F7-4668-BE54-9A1E7A4F7556}") = "WebApi", "WebApi\WebApi.csproj", "{4D671BC8-9888-4B2F-9028-D969D9140A77}"
EndProject
Project("{9A19103F-16F7-4668-BE54-9A1E7A4F7556}") = "TestWebsite", "TestWebsite\TestWebsite.csproj", "{5CA86B0A-F929-401A-B4AF-3C12CA390E39}"
EndProject
Project("{9A19103F-16F7-4668-BE54-9A1E7A4F7556}") = "TestWebApi", "TestWebApi\TestWebApi.csproj", "{5B7F1AD5-74F5-48E7-BF80-6B3AB879DF00}"
EndProject
Project("{9A19103F-16F7-4668-BE54-9A1E7A4F7556}") = "StubsClassLibrary", "StubsClassLibrary\StubsClassLibrary.csproj", "{3676B8FD-C363-47C6-8D8E-300AB50558BD}"
EndProject
Project("{9A19103F-16F7-4668-BE54-9A1E7A4F7556}") = "TestWebApiClient", "TestWebApiClient\TestWebApiClient.csproj", "{68EB56A6-A4B0-48E9-A1D7-3A30FFFE162A}"
EndProject
Project("{9A19103F-16F7-4668-BE54-9A1E7A4F7556}") = "TestDesktopApiClient", "TestDesktopApiClient\TestDesktopApiClient.csproj", "{B04B9394-E8D8-471B-93AB-17A7A8C8DC27}"
EndProject
Project("{9A19103F-16F7-4668-BE54-9A1E7A4F7556}") = "WebSite", "Website\WebSite.csproj", "{6BE0B0B7-F2DE-4583-9F13-8BF4E4E0F90D}"
EndProject
Project("{9A19103F-16F7-4668-BE54-9A1E7A4F7556}") = "WebApiClient", "WebApiClient\WebApiClient.csproj", "{A2A6BF67-3A76-4896-BCFD-617B9EAEEDE6}"
EndProject
Project("{9A19103F-16F7-4668-BE54-9A1E7A4F7556}") = "Tools", "Tools\Tools.csproj", "{23E9AE2F-7F9F-44E9-9F5C-0248876C1400}"
EndProject
Project("{FAE04EC0-301F-11D3-BF4B-00C04F79EFBC}") = "DesktopClientWinforms", "DesktopClientWinforms\DesktopClientWinforms.csproj", "{8BDBBA57-DF3A-4D63-87F8-66283B3F4BCC}"
EndProject
Project("{FAE04EC0-301F-11D3-BF4B-00C04F79EFBC}") = "DesktopApiClient", "DesktopWebApiClient\DesktopApiClient.csproj", "{C389A7F7-8C57-4BB0-96F5-E06696824F56}"
EndProject
Global
	GlobalSection(SolutionConfigurationPlatforms) = preSolution
		Debug|Any CPU = Debug|Any CPU
		Release|Any CPU = Release|Any CPU
	EndGlobalSection
	GlobalSection(ProjectConfigurationPlatforms) = postSolution
		{30E3F4CC-8966-47A8-BBC5-25C2CAC8047D}.Debug|Any CPU.ActiveCfg = Debug|Any CPU
		{30E3F4CC-8966-47A8-BBC5-25C2CAC8047D}.Debug|Any CPU.Build.0 = Debug|Any CPU
		{30E3F4CC-8966-47A8-BBC5-25C2CAC8047D}.Release|Any CPU.ActiveCfg = Release|Any CPU
		{30E3F4CC-8966-47A8-BBC5-25C2CAC8047D}.Release|Any CPU.Build.0 = Release|Any CPU
		{1234D6C6-DA87-43DF-BB86-2265D9DB47C6}.Debug|Any CPU.ActiveCfg = Debug|Any CPU
		{1234D6C6-DA87-43DF-BB86-2265D9DB47C6}.Debug|Any CPU.Build.0 = Debug|Any CPU
		{1234D6C6-DA87-43DF-BB86-2265D9DB47C6}.Release|Any CPU.ActiveCfg = Release|Any CPU
		{1234D6C6-DA87-43DF-BB86-2265D9DB47C6}.Release|Any CPU.Build.0 = Release|Any CPU
		{4D671BC8-9888-4B2F-9028-D969D9140A77}.Debug|Any CPU.ActiveCfg = Debug|Any CPU
		{4D671BC8-9888-4B2F-9028-D969D9140A77}.Debug|Any CPU.Build.0 = Debug|Any CPU
		{4D671BC8-9888-4B2F-9028-D969D9140A77}.Release|Any CPU.ActiveCfg = Release|Any CPU
		{4D671BC8-9888-4B2F-9028-D969D9140A77}.Release|Any CPU.Build.0 = Release|Any CPU
		{5CA86B0A-F929-401A-B4AF-3C12CA390E39}.Debug|Any CPU.ActiveCfg = Debug|Any CPU
		{5CA86B0A-F929-401A-B4AF-3C12CA390E39}.Debug|Any CPU.Build.0 = Debug|Any CPU
		{5CA86B0A-F929-401A-B4AF-3C12CA390E39}.Release|Any CPU.ActiveCfg = Release|Any CPU
		{5CA86B0A-F929-401A-B4AF-3C12CA390E39}.Release|Any CPU.Build.0 = Release|Any CPU
		{5B7F1AD5-74F5-48E7-BF80-6B3AB879DF00}.Debug|Any CPU.ActiveCfg = Debug|Any CPU
		{5B7F1AD5-74F5-48E7-BF80-6B3AB879DF00}.Debug|Any CPU.Build.0 = Debug|Any CPU
		{5B7F1AD5-74F5-48E7-BF80-6B3AB879DF00}.Release|Any CPU.ActiveCfg = Release|Any CPU
		{5B7F1AD5-74F5-48E7-BF80-6B3AB879DF00}.Release|Any CPU.Build.0 = Release|Any CPU
		{3676B8FD-C363-47C6-8D8E-300AB50558BD}.Debug|Any CPU.ActiveCfg = Debug|Any CPU
		{3676B8FD-C363-47C6-8D8E-300AB50558BD}.Debug|Any CPU.Build.0 = Debug|Any CPU
		{3676B8FD-C363-47C6-8D8E-300AB50558BD}.Release|Any CPU.ActiveCfg = Release|Any CPU
		{3676B8FD-C363-47C6-8D8E-300AB50558BD}.Release|Any CPU.Build.0 = Release|Any CPU
		{68EB56A6-A4B0-48E9-A1D7-3A30FFFE162A}.Debug|Any CPU.ActiveCfg = Debug|Any CPU
		{68EB56A6-A4B0-48E9-A1D7-3A30FFFE162A}.Debug|Any CPU.Build.0 = Debug|Any CPU
		{68EB56A6-A4B0-48E9-A1D7-3A30FFFE162A}.Release|Any CPU.ActiveCfg = Release|Any CPU
		{68EB56A6-A4B0-48E9-A1D7-3A30FFFE162A}.Release|Any CPU.Build.0 = Release|Any CPU
		{B04B9394-E8D8-471B-93AB-17A7A8C8DC27}.Debug|Any CPU.ActiveCfg = Debug|Any CPU
		{B04B9394-E8D8-471B-93AB-17A7A8C8DC27}.Debug|Any CPU.Build.0 = Debug|Any CPU
		{B04B9394-E8D8-471B-93AB-17A7A8C8DC27}.Release|Any CPU.ActiveCfg = Release|Any CPU
		{B04B9394-E8D8-471B-93AB-17A7A8C8DC27}.Release|Any CPU.Build.0 = Release|Any CPU
		{6BE0B0B7-F2DE-4583-9F13-8BF4E4E0F90D}.Debug|Any CPU.ActiveCfg = Debug|Any CPU
		{6BE0B0B7-F2DE-4583-9F13-8BF4E4E0F90D}.Debug|Any CPU.Build.0 = Debug|Any CPU
		{6BE0B0B7-F2DE-4583-9F13-8BF4E4E0F90D}.Release|Any CPU.ActiveCfg = Release|Any CPU
		{6BE0B0B7-F2DE-4583-9F13-8BF4E4E0F90D}.Release|Any CPU.Build.0 = Release|Any CPU
		{A2A6BF67-3A76-4896-BCFD-617B9EAEEDE6}.Debug|Any CPU.ActiveCfg = Debug|Any CPU
		{A2A6BF67-3A76-4896-BCFD-617B9EAEEDE6}.Debug|Any CPU.Build.0 = Debug|Any CPU
		{A2A6BF67-3A76-4896-BCFD-617B9EAEEDE6}.Release|Any CPU.ActiveCfg = Release|Any CPU
		{A2A6BF67-3A76-4896-BCFD-617B9EAEEDE6}.Release|Any CPU.Build.0 = Release|Any CPU
		{23E9AE2F-7F9F-44E9-9F5C-0248876C1400}.Debug|Any CPU.ActiveCfg = Debug|Any CPU
		{23E9AE2F-7F9F-44E9-9F5C-0248876C1400}.Debug|Any CPU.Build.0 = Debug|Any CPU
		{23E9AE2F-7F9F-44E9-9F5C-0248876C1400}.Release|Any CPU.ActiveCfg = Release|Any CPU
		{23E9AE2F-7F9F-44E9-9F5C-0248876C1400}.Release|Any CPU.Build.0 = Release|Any CPU
		{8BDBBA57-DF3A-4D63-87F8-66283B3F4BCC}.Debug|Any CPU.ActiveCfg = Debug|Any CPU
		{8BDBBA57-DF3A-4D63-87F8-66283B3F4BCC}.Debug|Any CPU.Build.0 = Debug|Any CPU
		{8BDBBA57-DF3A-4D63-87F8-66283B3F4BCC}.Release|Any CPU.ActiveCfg = Release|Any CPU
		{8BDBBA57-DF3A-4D63-87F8-66283B3F4BCC}.Release|Any CPU.Build.0 = Release|Any CPU
		{C389A7F7-8C57-4BB0-96F5-E06696824F56}.Debug|Any CPU.ActiveCfg = Debug|Any CPU
		{C389A7F7-8C57-4BB0-96F5-E06696824F56}.Debug|Any CPU.Build.0 = Debug|Any CPU
		{C389A7F7-8C57-4BB0-96F5-E06696824F56}.Release|Any CPU.ActiveCfg = Release|Any CPU
		{C389A7F7-8C57-4BB0-96F5-E06696824F56}.Release|Any CPU.Build.0 = Release|Any CPU
	EndGlobalSection
	GlobalSection(SolutionProperties) = preSolution
		HideSolutionNode = FALSE
	EndGlobalSection
	GlobalSection(NestedProjects) = preSolution
		{30E3F4CC-8966-47A8-BBC5-25C2CAC8047D} = {343B39D7-5166-4FA7-A368-D6754F0DA7DE}
		{1234D6C6-DA87-43DF-BB86-2265D9DB47C6} = {7AEFA9C8-690E-4412-BBDF-D003C1BA4233}
		{4D671BC8-9888-4B2F-9028-D969D9140A77} = {343B39D7-5166-4FA7-A368-D6754F0DA7DE}
		{5CA86B0A-F929-401A-B4AF-3C12CA390E39} = {7AEFA9C8-690E-4412-BBDF-D003C1BA4233}
		{5B7F1AD5-74F5-48E7-BF80-6B3AB879DF00} = {7AEFA9C8-690E-4412-BBDF-D003C1BA4233}
		{3676B8FD-C363-47C6-8D8E-300AB50558BD} = {7AEFA9C8-690E-4412-BBDF-D003C1BA4233}
		{68EB56A6-A4B0-48E9-A1D7-3A30FFFE162A} = {7AEFA9C8-690E-4412-BBDF-D003C1BA4233}
		{B04B9394-E8D8-471B-93AB-17A7A8C8DC27} = {7AEFA9C8-690E-4412-BBDF-D003C1BA4233}
		{6BE0B0B7-F2DE-4583-9F13-8BF4E4E0F90D} = {5BCD2F20-843C-4672-A988-2477FCC24570}
		{A2A6BF67-3A76-4896-BCFD-617B9EAEEDE6} = {5BCD2F20-843C-4672-A988-2477FCC24570}
		{8BDBBA57-DF3A-4D63-87F8-66283B3F4BCC} = {3706DF16-2761-4497-88EE-0F027D8DF59C}
		{C389A7F7-8C57-4BB0-96F5-E06696824F56} = {3706DF16-2761-4497-88EE-0F027D8DF59C}
	EndGlobalSection
	GlobalSection(ExtensibilityGlobals) = postSolution
		SolutionGuid = {C9571353-8C31-403E-A3BD-590CCA924F4F}
	EndGlobalSection
EndGlobal
